
Microsoft Visual Studio Solution File, Format Version 12.00
# Visual Studio Version 16
VisualStudioVersion = 16.0.29326.143
MinimumVisualStudioVersion = 10.0.40219.1
Project("{FAE04EC0-301F-11D3-BF4B-00C04F79EFBC}") = "AmbienteWeb.Proyecto.Carpooling.Web", "AmbienteWeb.Proyecto.Carpooling.Web\AmbienteWeb.Proyecto.Carpooling.Web.csproj", "{A2493AB8-08A9-4324-8292-1F1880DB9E40}"
EndProject
Global
	GlobalSection(SolutionConfigurationPlatforms) = preSolution
		Debug|Any CPU = Debug|Any CPU
		Release|Any CPU = Release|Any CPU
	EndGlobalSection
	GlobalSection(ProjectConfigurationPlatforms) = postSolution
		{A2493AB8-08A9-4324-8292-1F1880DB9E40}.Debug|Any CPU.ActiveCfg = Debug|Any CPU
		{A2493AB8-08A9-4324-8292-1F1880DB9E40}.Debug|Any CPU.Build.0 = Debug|Any CPU
		{A2493AB8-08A9-4324-8292-1F1880DB9E40}.Release|Any CPU.ActiveCfg = Release|Any CPU
		{A2493AB8-08A9-4324-8292-1F1880DB9E40}.Release|Any CPU.Build.0 = Release|Any CPU
	EndGlobalSection
	GlobalSection(SolutionProperties) = preSolution
		HideSolutionNode = FALSE
	EndGlobalSection
	GlobalSection(ExtensibilityGlobals) = postSolution
		SolutionGuid = {0266C177-FF65-42FC-AA33-5009F722079A}
	EndGlobalSection
EndGlobal
